<Solution>
  <Project Path="Maliev.ProjectService.Api/Maliev.ProjectService.Api.csproj" />
  <Project Path="Maliev.ProjectService.Application/Maliev.ProjectService.Application.csproj" />
  <Project Path="Maliev.ProjectService.Domain/Maliev.ProjectService.Domain.csproj" />
  <Project Path="Maliev.ProjectService.Infrastructure/Maliev.ProjectService.Infrastructure.csproj" />
  <Project Path="Maliev.ProjectService.Tests/Maliev.ProjectService.Tests.csproj" />
</Solution>
